
Microsoft Visual Studio Solution File, Format Version 12.00
# Visual Studio 2015
Project("{FAE04EC0-301F-11D3-BF4B-00C04F79EFBC}") = "ProtectCastle.CSharp", "ProtectCastle.CSharp.csproj", "{180F9128-692A-0232-47A5-2F767B7EB2C5}"
EndProject
Project("{FAE04EC0-301F-11D3-BF4B-00C04F79EFBC}") = "ProtectCastle.CSharp.Editor", "ProtectCastle.CSharp.Editor.csproj", "{5AE99356-B8AB-1E1E-30AD-0647EEB119F9}"
EndProject
Global
	GlobalSection(SolutionConfigurationPlatforms) = preSolution
		Debug|Any CPU = Debug|Any CPU
		Release|Any CPU = Release|Any CPU
	EndGlobalSection
	GlobalSection(ProjectConfigurationPlatforms) = postSolution
		{180F9128-692A-0232-47A5-2F767B7EB2C5}.Debug|Any CPU.ActiveCfg = Debug|Any CPU
		{180F9128-692A-0232-47A5-2F767B7EB2C5}.Debug|Any CPU.Build.0 = Debug|Any CPU
		{180F9128-692A-0232-47A5-2F767B7EB2C5}.Release|Any CPU.ActiveCfg = Release|Any CPU
		{180F9128-692A-0232-47A5-2F767B7EB2C5}.Release|Any CPU.Build.0 = Release|Any CPU
		{5AE99356-B8AB-1E1E-30AD-0647EEB119F9}.Debug|Any CPU.ActiveCfg = Debug|Any CPU
		{5AE99356-B8AB-1E1E-30AD-0647EEB119F9}.Debug|Any CPU.Build.0 = Debug|Any CPU
		{5AE99356-B8AB-1E1E-30AD-0647EEB119F9}.Release|Any CPU.ActiveCfg = Release|Any CPU
		{5AE99356-B8AB-1E1E-30AD-0647EEB119F9}.Release|Any CPU.Build.0 = Release|Any CPU
	EndGlobalSection
	GlobalSection(SolutionProperties) = preSolution
		HideSolutionNode = FALSE
	EndGlobalSection
EndGlobal
